
Microsoft Visual Studio Solution File, Format Version 12.00
# Visual Studio Version 17
VisualStudioVersion = 17.5.33516.290
MinimumVisualStudioVersion = 10.0.40219.1
Project("{FAE04EC0-301F-11D3-BF4B-00C04F79EFBC}") = "Leavemanagement.Web", "Leavemanagement.Web\Leavemanagement.Web.csproj", "{6973953B-0EA8-4DE4-B0EA-7C973B117F99}"
EndProject
Global
	GlobalSection(SolutionConfigurationPlatforms) = preSolution
		Debug|Any CPU = Debug|Any CPU
		Release|Any CPU = Release|Any CPU
	EndGlobalSection
	GlobalSection(ProjectConfigurationPlatforms) = postSolution
		{6973953B-0EA8-4DE4-B0EA-7C973B117F99}.Debug|Any CPU.ActiveCfg = Debug|Any CPU
		{6973953B-0EA8-4DE4-B0EA-7C973B117F99}.Debug|Any CPU.Build.0 = Debug|Any CPU
		{6973953B-0EA8-4DE4-B0EA-7C973B117F99}.Release|Any CPU.ActiveCfg = Release|Any CPU
		{6973953B-0EA8-4DE4-B0EA-7C973B117F99}.Release|Any CPU.Build.0 = Release|Any CPU
	EndGlobalSection
	GlobalSection(SolutionProperties) = preSolution
		HideSolutionNode = FALSE
	EndGlobalSection
	GlobalSection(ExtensibilityGlobals) = postSolution
		SolutionGuid = {8A5B72E2-8073-464B-86CE-CBB4359B5E80}
	EndGlobalSection
EndGlobal
